<?xml version="1.0" encoding="utf-8"?>
<Project ToolsVersion="4.0" xmlns="http://schemas.microsoft.com/developer/msbuild/2003">
  <ItemGroup>
    <ClCompile Include="src/cxx/chaoscore/test/ChaosTest.cpp" />
    <ClCompile Include="src/cxx/chaoscore/test/ChaosTestMain.cpp" />
    <ClCompile Include="src/cxx/chaoscore/test/TestLogger.cpp" />
    <ClCompile Include="src/cxx/chaoscore/test/log_formatter/AbstractTestLogFormatter.cpp" />
    <ClCompile Include="src/cxx/chaoscore/test/log_formatter/HTMLTestLogFormatter.cpp" />
    <ClCompile Include="src/cxx/chaoscore/test/log_formatter/PlainTestLogFormatter.cpp" />
    <ClCompile Include="src/cxx/chaoscore/test/log_formatter/PrettyTestLogFormatter.cpp" />
    <ClCompile Include="src/cxx/chaoscore/test/log_formatter/XMLTestLogFormatter.cpp" />
  </ItemGroup>
</Project>